
Microsoft Visual Studio Solution File, Format Version 12.00
# Visual Studio Version 17
VisualStudioVersion = 17.13.35931.197 d17.13
MinimumVisualStudioVersion = 10.0.40219.1
Project("{FAE04EC0-301F-11D3-BF4B-00C04F79EFBC}") = "FizzBuzz", "FizzBuzz\FizzBuzz.csproj", "{D41316A9-406F-4618-A637-D2AA7C164619}"
EndProject
Project("{FAE04EC0-301F-11D3-BF4B-00C04F79EFBC}") = "FizzBuzz.Tests", "FizzBuzz.Tests\FizzBuzz.Tests.csproj", "{3A11A074-7E44-44E0-B4A1-12D0C5529824}"
EndProject
Project("{FAE04EC0-301F-11D3-BF4B-00C04F79EFBC}") = "FizzBuzz.App", "FizzBuzz.App\FizzBuzz.App.csproj", "{980730C9-4F65-4B6B-82F7-7A314DA61751}"
EndProject
Global
	GlobalSection(SolutionConfigurationPlatforms) = preSolution
		Debug|Any CPU = Debug|Any CPU
		Release|Any CPU = Release|Any CPU
	EndGlobalSection
	GlobalSection(ProjectConfigurationPlatforms) = postSolution
		{D41316A9-406F-4618-A637-D2AA7C164619}.Debug|Any CPU.ActiveCfg = Debug|Any CPU
		{D41316A9-406F-4618-A637-D2AA7C164619}.Debug|Any CPU.Build.0 = Debug|Any CPU
		{D41316A9-406F-4618-A637-D2AA7C164619}.Release|Any CPU.ActiveCfg = Release|Any CPU
		{D41316A9-406F-4618-A637-D2AA7C164619}.Release|Any CPU.Build.0 = Release|Any CPU
		{3A11A074-7E44-44E0-B4A1-12D0C5529824}.Debug|Any CPU.ActiveCfg = Debug|Any CPU
		{3A11A074-7E44-44E0-B4A1-12D0C5529824}.Debug|Any CPU.Build.0 = Debug|Any CPU
		{3A11A074-7E44-44E0-B4A1-12D0C5529824}.Release|Any CPU.ActiveCfg = Release|Any CPU
		{3A11A074-7E44-44E0-B4A1-12D0C5529824}.Release|Any CPU.Build.0 = Release|Any CPU
		{980730C9-4F65-4B6B-82F7-7A314DA61751}.Debug|Any CPU.ActiveCfg = Debug|Any CPU
		{980730C9-4F65-4B6B-82F7-7A314DA61751}.Debug|Any CPU.Build.0 = Debug|Any CPU
		{980730C9-4F65-4B6B-82F7-7A314DA61751}.Release|Any CPU.ActiveCfg = Release|Any CPU
		{980730C9-4F65-4B6B-82F7-7A314DA61751}.Release|Any CPU.Build.0 = Release|Any CPU
	EndGlobalSection
	GlobalSection(SolutionProperties) = preSolution
		HideSolutionNode = FALSE
	EndGlobalSection
	GlobalSection(ExtensibilityGlobals) = postSolution
		SolutionGuid = {860E473B-AEAC-4C1D-889A-AE942A5259A8}
	EndGlobalSection
EndGlobal
